// !$*UTF8*$!
{
	archiveVersion = 1;
	classes = {
	};
	objectVersion = 50;
	objects = {

/* Begin PBXBuildFile section */
		275BF94E244A563F00E3428B /* AppDelegate.swift in Sources */ = {isa = PBXBuildFile; fileRef = 275BF94D244A563F00E3428B /* AppDelegate.swift */; };
		275BF950244A563F00E3428B /* SceneDelegate.swift in Sources */ = {isa = PBXBuildFile; fileRef = 275BF94F244A563F00E3428B /* SceneDelegate.swift */; };
		275BF952244A563F00E3428B /* MasterViewController.swift in Sources */ = {isa = PBXBuildFile; fileRef = 275BF951244A563F00E3428B /* MasterViewController.swift */; };
		275BF954244A563F00E3428B /* DetailViewController.swift in Sources */ = {isa = PBXBuildFile; fileRef = 275BF953244A563F00E3428B /* DetailViewController.swift */; };
		275BF957244A563F00E3428B /* Main.storyboard in Resources */ = {isa = PBXBuildFile; fileRef = 275BF955244A563F00E3428B /* Main.storyboard */; };
		275BF959244A564100E3428B /* Assets.xcassets in Resources */ = {isa = PBXBuildFile; fileRef = 275BF958244A564100E3428B /* Assets.xcassets */; };
		275BF95C244A564100E3428B /* LaunchScreen.storyboard in Resources */ = {isa = PBXBuildFile; fileRef = 275BF95A244A564100E3428B /* LaunchScreen.storyboard */; };
/* End PBXBuildFile section */

/* Begin PBXFileReference section */
		275BF94A244A563F00E3428B /* VoIP.ms SMS.app */ = {isa = PBXFileReference; explicitFileType = wrapper.application; includeInIndex = 0; path = "VoIP.ms SMS.app"; sourceTree = BUILT_PRODUCTS_DIR; };
		275BF94D244A563F00E3428B /* AppDelegate.swift */ = {isa = PBXFileReference; lastKnownFileType = sourcecode.swift; path = AppDelegate.swift; sourceTree = "<group>"; };
		275BF94F244A563F00E3428B /* SceneDelegate.swift */ = {isa = PBXFileReference; lastKnownFileType = sourcecode.swift; path = SceneDelegate.swift; sourceTree = "<group>"; };
		275BF951244A563F00E3428B /* MasterViewController.swift */ = {isa = PBXFileReference; lastKnownFileType = sourcecode.swift; path = MasterViewController.swift; sourceTree = "<group>"; };
		275BF953244A563F00E3428B /* DetailViewController.swift */ = {isa = PBXFileReference; lastKnownFileType = sourcecode.swift; path = DetailViewController.swift; sourceTree = "<group>"; };
		275BF956244A563F00E3428B /* Base */ = {isa = PBXFileReference; lastKnownFileType = file.storyboard; name = Base; path = Base.lproj/Main.storyboard; sourceTree = "<group>"; };
		275BF958244A564100E3428B /* Assets.xcassets */ = {isa = PBXFileReference; lastKnownFileType = folder.assetcatalog; path = Assets.xcassets; sourceTree = "<group>"; };
		275BF95B244A564100E3428B /* Base */ = {isa = PBXFileReference; lastKnownFileType = file.storyboard; name = Base; path = Base.lproj/LaunchScreen.storyboard; sourceTree = "<group>"; };
		275BF95D244A564100E3428B /* Info.plist */ = {isa = PBXFileReference; lastKnownFileType = text.plist.xml; path = Info.plist; sourceTree = "<group>"; };
/* End PBXFileReference section */

/* Begin PBXFrameworksBuildPhase section */
		275BF947244A563F00E3428B /* Frameworks */ = {
			isa = PBXFrameworksBuildPhase;
			buildActionMask = 2147483647;
			files = (
			);
			runOnlyForDeploymentPostprocessing = 0;
		};
/* End PBXFrameworksBuildPhase section */

/* Begin PBXGroup section */
		275BF941244A563F00E3428B = {
			isa = PBXGroup;
			children = (
				275BF94C244A563F00E3428B /* VoIPmsSMS */,
				275BF94B244A563F00E3428B /* Products */,
			);
			sourceTree = "<group>";
		};
		275BF94B244A563F00E3428B /* Products */ = {
			isa = PBXGroup;
			children = (
				275BF94A244A563F00E3428B /* VoIP.ms SMS.app */,
			);
			name = Products;
			sourceTree = "<group>";
		};
		275BF94C244A563F00E3428B /* VoIPmsSMS */ = {
			isa = PBXGroup;
			children = (
				275BF94D244A563F00E3428B /* AppDelegate.swift */,
				275BF94F244A563F00E3428B /* SceneDelegate.swift */,
				275BF951244A563F00E3428B /* MasterViewController.swift */,
				275BF953244A563F00E3428B /* DetailViewController.swift */,
				275BF955244A563F00E3428B /* Main.storyboard */,
				275BF958244A564100E3428B /* Assets.xcassets */,
				275BF95A244A564100E3428B /* LaunchScreen.storyboard */,
				275BF95D244A564100E3428B /* Info.plist */,
			);
			path = VoIPmsSMS;
			sourceTree = "<group>";
		};
/* End PBXGroup section */

/* Begin PBXNativeTarget section */
		275BF949244A563F00E3428B /* VoIPmsSMS */ = {
			isa = PBXNativeTarget;
			buildConfigurationList = 275BF960244A564100E3428B /* Build configuration list for PBXNativeTarget "VoIPmsSMS" */;
			buildPhases = (
				275BF946244A563F00E3428B /* Sources */,
				275BF947244A563F00E3428B /* Frameworks */,
				275BF948244A563F00E3428B /* Resources */,
			);
			buildRules = (
			);
			dependencies = (
			);
			name = VoIPmsSMS;
			productName = VoIPmsSMS;
			productReference = 275BF94A244A563F00E3428B /* VoIP.ms SMS.app */;
			productType = "com.apple.product-type.application";
		};
/* End PBXNativeTarget section */

/* Begin PBXProject section */
		275BF942244A563F00E3428B /* Project object */ = {
			isa = PBXProject;
			attributes = {
				LastSwiftUpdateCheck = 1130;
				LastUpgradeCheck = 1130;
				ORGANIZATIONNAME = "Kyle Zhou";
				TargetAttributes = {
					275BF949244A563F00E3428B = {
						CreatedOnToolsVersion = 11.3.1;
					};
				};
			};
			buildConfigurationList = 275BF945244A563F00E3428B /* Build configuration list for PBXProject "VoIPmsSMS" */;
			compatibilityVersion = "Xcode 9.3";
			developmentRegion = en;
			hasScannedForEncodings = 0;
			knownRegions = (
				en,
				Base,
			);
			mainGroup = 275BF941244A563F00E3428B;
			productRefGroup = 275BF94B244A563F00E3428B /* Products */;
			projectDirPath = "";
			projectRoot = "";
			targets = (
				275BF949244A563F00E3428B /* VoIPmsSMS */,
			);
		};
/* End PBXProject section */

/* Begin PBXResourcesBuildPhase section */
		275BF948244A563F00E3428B /* Resources */ = {
			isa = PBXResourcesBuildPhase;
			buildActionMask = 2147483647;
			files = (
				275BF95C244A564100E3428B /* LaunchScreen.storyboard in Resources */,
				275BF959244A564100E3428B /* Assets.xcassets in Resources */,
				275BF957244A563F00E3428B /* Main.storyboard in Resources */,
			);
			runOnlyForDeploymentPostprocessing = 0;
		};
/* End PBXResourcesBuildPhase section */

/* Begin PBXSourcesBuildPhase section */
		275BF946244A563F00E3428B /* Sources */ = {
			isa = PBXSourcesBuildPhase;
			buildActionMask = 2147483647;
			files = (
				275BF94E244A563F00E3428B /* AppDelegate.swift in Sources */,
				275BF950244A563F00E3428B /* SceneDelegate.swift in Sources */,
				275BF952244A563F00E3428B /* MasterViewController.swift in Sources */,
				275BF954244A563F00E3428B /* DetailViewController.swift in Sources */,
			);
			runOnlyForDeploymentPostprocessing = 0;
		};
/* End PBXSourcesBuildPhase section */

/* Begin PBXVariantGroup section */
		275BF955244A563F00E3428B /* Main.storyboard */ = {
			isa = PBXVariantGroup;
			children = (
				275BF956244A563F00E3428B /* Base */,
			);
			name = Main.storyboard;
			sourceTree = "<group>";
		};
		275BF95A244A564100E3428B /* LaunchScreen.storyboard */ = {
			isa = PBXVariantGroup;
			children = (
				275BF95B244A564100E3428B /* Base */,
			);
			name = LaunchScreen.storyboard;
			sourceTree = "<group>";
		};
/* End PBXVariantGroup section */

/* Begin XCBuildConfiguration section */
		275BF95E244A564100E3428B /* Debug */ = {
			isa = XCBuildConfiguration;
			buildSettings = {
				ALWAYS_SEARCH_USER_PATHS = NO;
				CLANG_ANALYZER_NONNULL = YES;
				CLANG_ANALYZER_NUMBER_OBJECT_CONVERSION = YES_AGGRESSIVE;
				CLANG_CXX_LANGUAGE_STANDARD = "gnu++14";
				CLANG_CXX_LIBRARY = "libc++";
				CLANG_ENABLE_MODULES = YES;
				CLANG_ENABLE_OBJC_ARC = YES;
				CLANG_ENABLE_OBJC_WEAK = YES;
				CLANG_WARN_BLOCK_CAPTURE_AUTORELEASING = YES;
				CLANG_WARN_BOOL_CONVERSION = YES;
				CLANG_WARN_COMMA = YES;
				CLANG_WARN_CONSTANT_CONVERSION = YES;
				CLANG_WARN_DEPRECATED_OBJC_IMPLEMENTATIONS = YES;
				CLANG_WARN_DIRECT_OBJC_ISA_USAGE = YES_ERROR;
				CLANG_WARN_DOCUMENTATION_COMMENTS = YES;
				CLANG_WARN_EMPTY_BODY = YES;
				CLANG_WARN_ENUM_CONVERSION = YES;
				CLANG_WARN_INFINITE_RECURSION = YES;
				CLANG_WARN_INT_CONVERSION = YES;
				CLANG_WARN_NON_LITERAL_NULL_CONVERSION = YES;
				CLANG_WARN_OBJC_IMPLICIT_RETAIN_SELF = YES;
				CLANG_WARN_OBJC_LITERAL_CONVERSION = YES;
				CLANG_WARN_OBJC_ROOT_CLASS = YES_ERROR;
				CLANG_WARN_RANGE_LOOP_ANALYSIS = YES;
				CLANG_WARN_STRICT_PROTOTYPES = YES;
				CLANG_WARN_SUSPICIOUS_MOVE = YES;
				CLANG_WARN_UNGUARDED_AVAILABILITY = YES_AGGRESSIVE;
				CLANG_WARN_UNREACHABLE_CODE = YES;
				CLANG_WARN__DUPLICATE_METHOD_MATCH = YES;
				COPY_PHASE_STRIP = NO;
				DEBUG_INFORMATION_FORMAT = dwarf;
				ENABLE_STRICT_OBJC_MSGSEND = YES;
				ENABLE_TESTABILITY = YES;
				GCC_C_LANGUAGE_STANDARD = gnu11;
				GCC_DYNAMIC_NO_PIC = NO;
				GCC_NO_COMMON_BLOCKS = YES;
				GCC_OPTIMIZATION_LEVEL = 0;
				GCC_PREPROCESSOR_DEFINITIONS = (
					"DEBUG=1",
					"$(inherited)",
				);
				GCC_WARN_64_TO_32_BIT_CONVERSION = YES;
				GCC_WARN_ABOUT_RETURN_TYPE = YES_ERROR;
				GCC_WARN_UNDECLARED_SELECTOR = YES;
				GCC_WARN_UNINITIALIZED_AUTOS = YES_AGGRESSIVE;
				GCC_WARN_UNUSED_FUNCTION = YES;
				GCC_WARN_UNUSED_VARIABLE = YES;
				IPHONEOS_DEPLOYMENT_TARGET = 13.2;
				MTL_ENABLE_DEBUG_INFO = INCLUDE_SOURCE;
				MTL_FAST_MATH = YES;
				ONLY_ACTIVE_ARCH = YES;
				SDKROOT = iphoneos;
				SWIFT_ACTIVE_COMPILATION_CONDITIONS = DEBUG;
				SWIFT_OPTIMIZATION_LEVEL = "-Onone";
			};
			name = Debug;
		};
		275BF95F244A564100E3428B /* Release */ = {
			isa = XCBuildConfiguration;
			buildSettings = {
				ALWAYS_SEARCH_USER_PATHS = NO;
				CLANG_ANALYZER_NONNULL = YES;
				CLANG_ANALYZER_NUMBER_OBJECT_CONVERSION = YES_AGGRESSIVE;
				CLANG_CXX_LANGUAGE_STANDARD = "gnu++14";
				CLANG_CXX_LIBRARY = "libc++";
				CLANG_ENABLE_MODULES = YES;
				CLANG_ENABLE_OBJC_ARC = YES;
				CLANG_ENABLE_OBJC_WEAK = YES;
				CLANG_WARN_BLOCK_CAPTURE_AUTORELEASING = YES;
				CLANG_WARN_BOOL_CONVERSION = YES;
				CLANG_WARN_COMMA = YES;
				CLANG_WARN_CONSTANT_CONVERSION = YES;
				CLANG_WARN_DEPRECATED_OBJC_IMPLEMENTATIONS = YES;
				CLANG_WARN_DIRECT_OBJC_ISA_USAGE = YES_ERROR;
				CLANG_WARN_DOCUMENTATION_COMMENTS = YES;
				CLANG_WARN_EMPTY_BODY = YES;
				CLANG_WARN_ENUM_CONVERSION = YES;
				CLANG_WARN_INFINITE_RECURSION = YES;
				CLANG_WARN_INT_CONVERSION = YES;
				CLANG_WARN_NON_LITERAL_NULL_CONVERSION = YES;
				CLANG_WARN_OBJC_IMPLICIT_RETAIN_SELF = YES;
				CLANG_WARN_OBJC_LITERAL_CONVERSION = YES;
				CLANG_WARN_OBJC_ROOT_CLASS = YES_ERROR;
				CLANG_WARN_RANGE_LOOP_ANALYSIS = YES;
				CLANG_WARN_STRICT_PROTOTYPES = YES;
				CLANG_WARN_SUSPICIOUS_MOVE = YES;
				CLANG_WARN_UNGUARDED_AVAILABILITY = YES_AGGRESSIVE;
				CLANG_WARN_UNREACHABLE_CODE = YES;
				CLANG_WARN__DUPLICATE_METHOD_MATCH = YES;
				COPY_PHASE_STRIP = NO;
				DEBUG_INFORMATION_FORMAT = "dwarf-with-dsym";
				ENABLE_NS_ASSERTIONS = NO;
				ENABLE_STRICT_OBJC_MSGSEND = YES;
				GCC_C_LANGUAGE_STANDARD = gnu11;
				GCC_NO_COMMON_BLOCKS = YES;
				GCC_WARN_64_TO_32_BIT_CONVERSION = YES;
				GCC_WARN_ABOUT_RETURN_TYPE = YES_ERROR;
				GCC_WARN_UNDECLARED_SELECTOR = YES;
				GCC_WARN_UNINITIALIZED_AUTOS = YES_AGGRESSIVE;
				GCC_WARN_UNUSED_FUNCTION = YES;
				GCC_WARN_UNUSED_VARIABLE = YES;
				IPHONEOS_DEPLOYMENT_TARGET = 13.2;
				MTL_ENABLE_DEBUG_INFO = NO;
				MTL_FAST_MATH = YES;
				SDKROOT = iphoneos;
				SWIFT_COMPILATION_MODE = wholemodule;
				SWIFT_OPTIMIZATION_LEVEL = "-O";
				VALIDATE_PRODUCT = YES;
			};
			name = Release;
		};
		275BF961244A564100E3428B /* Debug */ = {
			isa = XCBuildConfiguration;
			buildSettings = {
				ASSETCATALOG_COMPILER_APPICON_NAME = AppIcon;
				CODE_SIGN_STYLE = Automatic;
				DEVELOPMENT_TEAM = HQ8JASBGHD;
				INFOPLIST_FILE = VoIPmsSMS/Info.plist;
				LD_RUNPATH_SEARCH_PATHS = (
					"$(inherited)",
					"@executable_path/Frameworks",
				);
				PRODUCT_BUNDLE_IDENTIFIER = com.kylemsguy.VoIPmsSMS;
				PRODUCT_NAME = "VoIP.ms SMS";
				SWIFT_VERSION = 5.0;
				TARGETED_DEVICE_FAMILY = "1,2";
			};
			name = Debug;
		};
		275BF962244A564100E3428B /* Release */ = {
			isa = XCBuildConfiguration;
			buildSettings = {
				ASSETCATALOG_COMPILER_APPICON_NAME = AppIcon;
				CODE_SIGN_STYLE = Automatic;
				DEVELOPMENT_TEAM = HQ8JASBGHD;
				INFOPLIST_FILE = VoIPmsSMS/Info.plist;
				LD_RUNPATH_SEARCH_PATHS = (
					"$(inherited)",
					"@executable_path/Frameworks",
				);
				PRODUCT_BUNDLE_IDENTIFIER = com.kylemsguy.VoIPmsSMS;
				PRODUCT_NAME = "VoIP.ms SMS";
				SWIFT_VERSION = 5.0;
				TARGETED_DEVICE_FAMILY = "1,2";
			};
			name = Release;
		};
/* End XCBuildConfiguration section */

/* Begin XCConfigurationList section */
		275BF945244A563F00E3428B /* Build configuration list for PBXProject "VoIPmsSMS" */ = {
			isa = XCConfigurationList;
			buildConfigurations = (
				275BF95E244A564100E3428B /* Debug */,
				275BF95F244A564100E3428B /* Release */,
			);
			defaultConfigurationIsVisible = 0;
			defaultConfigurationName = Release;
		};
		275BF960244A564100E3428B /* Build configuration list for PBXNativeTarget "VoIPmsSMS" */ = {
			isa = XCConfigurationList;
			buildConfigurations = (
				275BF961244A564100E3428B /* Debug */,
				275BF962244A564100E3428B /* Release */,
			);
			defaultConfigurationIsVisible = 0;
			defaultConfigurationName = Release;
		};
/* End XCConfigurationList section */
	};
	rootObject = 275BF942244A563F00E3428B /* Project object */;
}
